
Microsoft Visual Studio Solution File, Format Version 12.00
# Visual Studio 15
VisualStudioVersion = 15.0.27703.2026
MinimumVisualStudioVersion = 10.0.40219.1
Project("{FAE04EC0-301F-11D3-BF4B-00C04F79EFBC}") = "ExamenSegundoParcial", "ExamenSegundoParcial\ExamenSegundoParcial.csproj", "{EA3D53AD-8898-4B21-AA15-55ACB450C8E4}"
EndProject
Global
	GlobalSection(SolutionConfigurationPlatforms) = preSolution
		Debug|Any CPU = Debug|Any CPU
		Release|Any CPU = Release|Any CPU
	EndGlobalSection
	GlobalSection(ProjectConfigurationPlatforms) = postSolution
		{EA3D53AD-8898-4B21-AA15-55ACB450C8E4}.Debug|Any CPU.ActiveCfg = Debug|Any CPU
		{EA3D53AD-8898-4B21-AA15-55ACB450C8E4}.Debug|Any CPU.Build.0 = Debug|Any CPU
		{EA3D53AD-8898-4B21-AA15-55ACB450C8E4}.Release|Any CPU.ActiveCfg = Release|Any CPU
		{EA3D53AD-8898-4B21-AA15-55ACB450C8E4}.Release|Any CPU.Build.0 = Release|Any CPU
	EndGlobalSection
	GlobalSection(SolutionProperties) = preSolution
		HideSolutionNode = FALSE
	EndGlobalSection
	GlobalSection(ExtensibilityGlobals) = postSolution
		SolutionGuid = {C995AF25-3BD6-4CF7-A3D8-71BD9936CC8F}
	EndGlobalSection
EndGlobal
